
Microsoft Visual Studio Solution File, Format Version 12.00
# Visual Studio Version 17
VisualStudioVersion = 17.0.31912.275
MinimumVisualStudioVersion = 10.0.40219.1
Project("{9A19103F-16F7-4668-BE54-9A1E7A4F7556}") = "CleanArchMVC.Domain", "CleanArchMVC.Domain\CleanArchMVC.Domain.csproj", "{23F61BBE-BDA8-44D9-B51C-CD50F1630564}"
EndProject
Project("{9A19103F-16F7-4668-BE54-9A1E7A4F7556}") = "CleanArchMVC.Application", "CleanArchMVC.Application\CleanArchMVC.Application.csproj", "{34307A42-E480-4E9C-99B9-361049F8BBB6}"
EndProject
Project("{9A19103F-16F7-4668-BE54-9A1E7A4F7556}") = "CleanArchMVC.Infra.Data", "CleanArchMVC.Infra.Data\CleanArchMVC.Infra.Data.csproj", "{1ED21CA6-8676-46A8-BC9C-B01CFE1DC93A}"
EndProject
Project("{9A19103F-16F7-4668-BE54-9A1E7A4F7556}") = "CleanArchMVC.Infra.IoC", "CleanArchMVC.Infra.IoC\CleanArchMVC.Infra.IoC.csproj", "{08071BBF-BFB3-43AE-AE13-4747BF6359A3}"
EndProject
Project("{9A19103F-16F7-4668-BE54-9A1E7A4F7556}") = "CleanArchMVC.WebUI", "CleanArchMVC.WebUI\CleanArchMVC.WebUI.csproj", "{B3A21896-1DDB-4FDD-A7CF-73D3D565C087}"
EndProject
Project("{FAE04EC0-301F-11D3-BF4B-00C04F79EFBC}") = "CleanArchMVC.Domain.Tests", "CleanArchMVC.Domain.Tests\CleanArchMVC.Domain.Tests.csproj", "{B5012C96-D11C-4DB5-9410-CD191085028F}"
EndProject
Global
	GlobalSection(SolutionConfigurationPlatforms) = preSolution
		Debug|Any CPU = Debug|Any CPU
		Release|Any CPU = Release|Any CPU
	EndGlobalSection
	GlobalSection(ProjectConfigurationPlatforms) = postSolution
		{23F61BBE-BDA8-44D9-B51C-CD50F1630564}.Debug|Any CPU.ActiveCfg = Debug|Any CPU
		{23F61BBE-BDA8-44D9-B51C-CD50F1630564}.Debug|Any CPU.Build.0 = Debug|Any CPU
		{23F61BBE-BDA8-44D9-B51C-CD50F1630564}.Release|Any CPU.ActiveCfg = Release|Any CPU
		{23F61BBE-BDA8-44D9-B51C-CD50F1630564}.Release|Any CPU.Build.0 = Release|Any CPU
		{34307A42-E480-4E9C-99B9-361049F8BBB6}.Debug|Any CPU.ActiveCfg = Debug|Any CPU
		{34307A42-E480-4E9C-99B9-361049F8BBB6}.Debug|Any CPU.Build.0 = Debug|Any CPU
		{34307A42-E480-4E9C-99B9-361049F8BBB6}.Release|Any CPU.ActiveCfg = Release|Any CPU
		{34307A42-E480-4E9C-99B9-361049F8BBB6}.Release|Any CPU.Build.0 = Release|Any CPU
		{1ED21CA6-8676-46A8-BC9C-B01CFE1DC93A}.Debug|Any CPU.ActiveCfg = Debug|Any CPU
		{1ED21CA6-8676-46A8-BC9C-B01CFE1DC93A}.Debug|Any CPU.Build.0 = Debug|Any CPU
		{1ED21CA6-8676-46A8-BC9C-B01CFE1DC93A}.Release|Any CPU.ActiveCfg = Release|Any CPU
		{1ED21CA6-8676-46A8-BC9C-B01CFE1DC93A}.Release|Any CPU.Build.0 = Release|Any CPU
		{08071BBF-BFB3-43AE-AE13-4747BF6359A3}.Debug|Any CPU.ActiveCfg = Debug|Any CPU
		{08071BBF-BFB3-43AE-AE13-4747BF6359A3}.Debug|Any CPU.Build.0 = Debug|Any CPU
		{08071BBF-BFB3-43AE-AE13-4747BF6359A3}.Release|Any CPU.ActiveCfg = Release|Any CPU
		{08071BBF-BFB3-43AE-AE13-4747BF6359A3}.Release|Any CPU.Build.0 = Release|Any CPU
		{B3A21896-1DDB-4FDD-A7CF-73D3D565C087}.Debug|Any CPU.ActiveCfg = Debug|Any CPU
		{B3A21896-1DDB-4FDD-A7CF-73D3D565C087}.Debug|Any CPU.Build.0 = Debug|Any CPU
		{B3A21896-1DDB-4FDD-A7CF-73D3D565C087}.Release|Any CPU.ActiveCfg = Release|Any CPU
		{B3A21896-1DDB-4FDD-A7CF-73D3D565C087}.Release|Any CPU.Build.0 = Release|Any CPU
		{B5012C96-D11C-4DB5-9410-CD191085028F}.Debug|Any CPU.ActiveCfg = Debug|Any CPU
		{B5012C96-D11C-4DB5-9410-CD191085028F}.Debug|Any CPU.Build.0 = Debug|Any CPU
		{B5012C96-D11C-4DB5-9410-CD191085028F}.Release|Any CPU.ActiveCfg = Release|Any CPU
		{B5012C96-D11C-4DB5-9410-CD191085028F}.Release|Any CPU.Build.0 = Release|Any CPU
	EndGlobalSection
	GlobalSection(SolutionProperties) = preSolution
		HideSolutionNode = FALSE
	EndGlobalSection
	GlobalSection(ExtensibilityGlobals) = postSolution
		SolutionGuid = {9B8152FF-8EF8-43E6-983D-760631573A51}
	EndGlobalSection
EndGlobal
